<?xml version="1.0" encoding="utf-8"?>
<Project ToolsVersion="4.0" xmlns="http://schemas.microsoft.com/developer/msbuild/2003">
  <ItemGroup>
    <ClCompile Include="main.cpp" />
    <ClCompile Include="MyProgram.cpp" />
    <ClCompile Include="EntityController.cpp" />
    <ClCompile Include="Shooting.cpp" />
    <ClCompile Include="Player.cpp" />
    <ClCompile Include="Bullet.cpp" />
    <ClCompile Include="EntityPlanetarySystem.cpp" />
    <ClCompile Include="EntityGravityField.cpp" />
    <ClCompile Include="EntityGravityAffected.cpp" />
    <ClCompile Include="UIMainMenu.cpp" />
    <ClCompile Include="MeteorShower.cpp" />
    <ClCompile Include="EntityParticleSmoke.cpp" />
  </ItemGroup>
  <ItemGroup>
    <ResourceCompile Include="Resource.rc" />
  </ItemGroup>
  <ItemGroup>
    <ClInclude Include="EntityController.h" />
    <ClInclude Include="Shooting.h" />
    <ClInclude Include="Player.h" />
    <ClInclude Include="Bullet.h" />
    <ClInclude Include="EntityPlanetarySystem.h" />
    <ClInclude Include="EntityGravityField.h" />
    <ClInclude Include="EntityGravityAffected.h" />
    <ClInclude Include="UIMainMenu.h" />
    <ClInclude Include="MeteorShower.h" />
    <ClInclude Include="EntityParticleSmoke.h" />
  </ItemGroup>
</Project>