<?xml version="1.0" encoding="utf-8"?>
<Project ToolsVersion="4.0" xmlns="http://schemas.microsoft.com/developer/msbuild/2003">
  <ItemGroup>
    <ClCompile Include="D3D12ConstantBuffer.cpp" />
    <ClCompile Include="D3D12ResourceTransferUtility.cpp" />
    <ClCompile Include="D3D12Texture.cpp" />
    <ClCompile Include="D3D12UploadHelper.cpp" />
    <ClCompile Include="DDS\DDSTextureLoader.cpp" />
    <ClCompile Include="Game.cpp" />
    <ClCompile Include="Graphics.cpp" />
    <ClCompile Include="IndexBuffer.cpp" />
    <ClCompile Include="InputCallback.cpp" />
    <ClCompile Include="InputSystem.cpp" />
    <ClCompile Include="Model.cpp" />
    <ClCompile Include="Quantum\Generate\SphereGenerator.cpp" />
    <ClCompile Include="Quantum\Math\Math.cpp" />
    <ClCompile Include="Quantum\Math\Transform.cpp" />
    <ClCompile Include="Quantum\Render\ScenePass.cpp" />
    <ClCompile Include="Quantum\Render\RenderScene.cpp" />
    <ClCompile Include="Quantum\Render\ShaderSkybox.cpp" />
    <ClCompile Include="Quantum\Render\SkyboxPass.cpp" />
    <ClCompile Include="Quantum\Types\Color.cpp" />
    <ClCompile Include="QuEntity.cpp" />
    <ClCompile Include="QuEntityCamera.cpp" />
    <ClCompile Include="QuEntityLightDirectional.cpp" />
    <ClCompile Include="QuEntityRenderModel.cpp" />
    <ClCompile Include="QuEntityRenderSkybox.cpp" />
    <ClCompile Include="QuWorld.cpp" />
    <ClCompile Include="Shader.cpp" />
    <ClCompile Include="Quantum\Render\ShaderDefault.cpp" />
    <ClCompile Include="TextureCube.cpp" />
    <ClCompile Include="Timer.cpp" />
    <ClCompile Include="VertexBuffer.cpp" />
    <ClCompile Include="Window.cpp" />
    <ClCompile Include="Quantum\Physics\PhysicsWorld.cpp" />
    <ClCompile Include="Quantum\Physics\RigidBody.cpp" />
    <ClCompile Include="Quantum\Physics\Internal\InternalCollisionAgents.cpp" />
  </ItemGroup>
  <ItemGroup>
    <ClInclude Include="D3D12ConstantBuffer.h" />
    <ClInclude Include="D3D12ResourceTransferUtility.h" />
    <ClInclude Include="D3D12Texture.h" />
    <ClInclude Include="D3D12UploadHelper.h" />
    <ClInclude Include="d3dx12.h" />
    <ClInclude Include="DDS\DDSTextureLoader.h" />
    <ClInclude Include="Engine.h" />
    <ClInclude Include="QuEntityCamera.h" />
    <ClInclude Include="Game.h" />
    <ClInclude Include="Graphics.h" />
    <ClInclude Include="IndexBuffer.h" />
    <ClInclude Include="InputCallback.h" />
    <ClInclude Include="InputSystem.h" />
    <ClInclude Include="Model.h" />
    <ClInclude Include="Quantum\Generate\SphereGenerator.h" />
    <ClInclude Include="Quantum\Math\Math.h" />
    <ClInclude Include="Quantum\Math\Transform.h" />
    <ClInclude Include="Quantum\Render\RenderModel.h" />
    <ClInclude Include="Quantum\Render\RenderScene.h" />
    <ClInclude Include="Quantum\Render\ScenePass.h" />
    <ClInclude Include="Quantum\Render\ShaderSkybox.h" />
    <ClInclude Include="Quantum\Render\SkyboxPass.h" />
    <ClInclude Include="Quantum\Types\Color.h" />
    <ClInclude Include="Quantum\World\World.h" />
    <ClInclude Include="QuEntity.h" />
    <ClInclude Include="QuEntityLightDirectional.h" />
    <ClInclude Include="QuEntityRenderModel.h" />
    <ClInclude Include="QuEntityRenderSkybox.h" />
    <ClInclude Include="QuWorld.h" />
    <ClInclude Include="resource.h" />
    <ClInclude Include="Shader.h" />
    <ClInclude Include="Quantum\Render\ShaderDefault.h" />
    <ClInclude Include="stdafx.h" />
    <ClInclude Include="TestConstantBuffer.h" />
    <ClInclude Include="TextureCube.h" />
    <ClInclude Include="Timer.h" />
    <ClInclude Include="VertexBuffer.h" />
    <ClInclude Include="Window.h" />
    <ClInclude Include="Quantum\Physics\PhysicsWorld.h" />
    <ClInclude Include="Quantum\Physics\RigidBody.h" />
    <ClInclude Include="Quantum\Physics\Physics.h" />
    <ClInclude Include="Quantum\Physics\RayCast.h" />
    <ClInclude Include="Quantum\Physics\Collide\PhysicsShape.h" />
    <ClInclude Include="Quantum\Physics\Collide\CollisionAgent.h" />
    <ClInclude Include="Quantum\Physics\Collide\PhysicsShapeSphere.h" />
  </ItemGroup>
  <ItemGroup>
    <None Include="D3D12ConstantBuffer.inl" />
  </ItemGroup>
</Project>